{
  "name": "olt-connect",
  "version": "1.0.0",
  "lockfileVersion": 1,
  "requires": true,
  "dependencies": {
    "telnet-stream": {
      "version": "1.0.5",
      "resolved": "https://registry.npmjs.org/telnet-stream/-/telnet-stream-1.0.5.tgz",
      "integrity": "sha512-LAkCd4RHjAkTf87vYRzcTPNQ+O5nXQJDv1xiaJ0IVRJ1QgW2JvEFsp7R03M+T9fA7M7of+ylMX7vX4sMlMPMdA=="
    }
  }
}
